
Microsoft Visual Studio Solution File, Format Version 12.00
# Visual Studio Version 17
VisualStudioVersion = 17.13.35931.197
MinimumVisualStudioVersion = 10.0.40219.1
Project("{FAE04EC0-301F-11D3-BF4B-00C04F79EFBC}") = "Chrono", "Chrono\Chrono.csproj", "{4DACFE35-607A-4291-B7A0-2960702A93AF}"
EndProject
Project("{FAE04EC0-301F-11D3-BF4B-00C04F79EFBC}") = "BeetleUI", "BeetleUI\BeetleUI.csproj", "{1A8B8EAA-0BEA-41BD-B9A9-31A31C4B55DF}"
EndProject
Project("{FAE04EC0-301F-11D3-BF4B-00C04F79EFBC}") = "ChronoTests", "ChronoTests\ChronoTests.csproj", "{47045F41-D531-4BBA-8231-13BFD6248D2F}"
EndProject
Global
	GlobalSection(SolutionConfigurationPlatforms) = preSolution
		Debug|Any CPU = Debug|Any CPU
		Release|Any CPU = Release|Any CPU
	EndGlobalSection
	GlobalSection(ProjectConfigurationPlatforms) = postSolution
		{4DACFE35-607A-4291-B7A0-2960702A93AF}.Debug|Any CPU.ActiveCfg = Debug|Any CPU
		{4DACFE35-607A-4291-B7A0-2960702A93AF}.Debug|Any CPU.Build.0 = Debug|Any CPU
		{4DACFE35-607A-4291-B7A0-2960702A93AF}.Release|Any CPU.ActiveCfg = Release|Any CPU
		{4DACFE35-607A-4291-B7A0-2960702A93AF}.Release|Any CPU.Build.0 = Release|Any CPU
		{1A8B8EAA-0BEA-41BD-B9A9-31A31C4B55DF}.Debug|Any CPU.ActiveCfg = Debug|Any CPU
		{1A8B8EAA-0BEA-41BD-B9A9-31A31C4B55DF}.Debug|Any CPU.Build.0 = Debug|Any CPU
		{1A8B8EAA-0BEA-41BD-B9A9-31A31C4B55DF}.Release|Any CPU.ActiveCfg = Release|Any CPU
		{1A8B8EAA-0BEA-41BD-B9A9-31A31C4B55DF}.Release|Any CPU.Build.0 = Release|Any CPU
		{47045F41-D531-4BBA-8231-13BFD6248D2F}.Debug|Any CPU.ActiveCfg = Debug|Any CPU
		{47045F41-D531-4BBA-8231-13BFD6248D2F}.Debug|Any CPU.Build.0 = Debug|Any CPU
		{47045F41-D531-4BBA-8231-13BFD6248D2F}.Release|Any CPU.ActiveCfg = Release|Any CPU
		{47045F41-D531-4BBA-8231-13BFD6248D2F}.Release|Any CPU.Build.0 = Release|Any CPU
	EndGlobalSection
	GlobalSection(SolutionProperties) = preSolution
		HideSolutionNode = FALSE
	EndGlobalSection
	GlobalSection(ExtensibilityGlobals) = postSolution
		SolutionGuid = {FB81ACA7-EEAF-415D-BA26-D52A5E58E093}
	EndGlobalSection
EndGlobal
